
Microsoft Visual Studio Solution File, Format Version 12.00
# Visual Studio Version 16
VisualStudioVersion = 16.0.31829.152
MinimumVisualStudioVersion = 10.0.40219.1
Project("{FAE04EC0-301F-11D3-BF4B-00C04F79EFBC}") = "Project", "Project\Project.csproj", "{D4B2758D-E220-4884-80B7-23EFA16425E5}"
EndProject
Global
	GlobalSection(SolutionConfigurationPlatforms) = preSolution
		Debug|Any CPU = Debug|Any CPU
		Release|Any CPU = Release|Any CPU
	EndGlobalSection
	GlobalSection(ProjectConfigurationPlatforms) = postSolution
		{D4B2758D-E220-4884-80B7-23EFA16425E5}.Debug|Any CPU.ActiveCfg = Debug|Any CPU
		{D4B2758D-E220-4884-80B7-23EFA16425E5}.Debug|Any CPU.Build.0 = Debug|Any CPU
		{D4B2758D-E220-4884-80B7-23EFA16425E5}.Release|Any CPU.ActiveCfg = Release|Any CPU
		{D4B2758D-E220-4884-80B7-23EFA16425E5}.Release|Any CPU.Build.0 = Release|Any CPU
	EndGlobalSection
	GlobalSection(SolutionProperties) = preSolution
		HideSolutionNode = FALSE
	EndGlobalSection
	GlobalSection(ExtensibilityGlobals) = postSolution
		SolutionGuid = {7D1A4225-3B3E-412B-A6FB-092F3AAAEA8C}
	EndGlobalSection
EndGlobal
